
Microsoft Visual Studio Solution File, Format Version 12.00
# Visual Studio Version 17
VisualStudioVersion = 17.3.32811.315
MinimumVisualStudioVersion = 10.0.40219.1
Project("{FAE04EC0-301F-11D3-BF4B-00C04F79EFBC}") = "WPF-Calculator", "WPF-Calculator\WPF-Calculator.csproj", "{FD1E3FC6-0A8E-44E6-A93B-8DF74ECB51C5}"
EndProject
Global
	GlobalSection(SolutionConfigurationPlatforms) = preSolution
		Debug|Any CPU = Debug|Any CPU
		Release|Any CPU = Release|Any CPU
	EndGlobalSection
	GlobalSection(ProjectConfigurationPlatforms) = postSolution
		{FD1E3FC6-0A8E-44E6-A93B-8DF74ECB51C5}.Debug|Any CPU.ActiveCfg = Debug|Any CPU
		{FD1E3FC6-0A8E-44E6-A93B-8DF74ECB51C5}.Debug|Any CPU.Build.0 = Debug|Any CPU
		{FD1E3FC6-0A8E-44E6-A93B-8DF74ECB51C5}.Release|Any CPU.ActiveCfg = Release|Any CPU
		{FD1E3FC6-0A8E-44E6-A93B-8DF74ECB51C5}.Release|Any CPU.Build.0 = Release|Any CPU
	EndGlobalSection
	GlobalSection(SolutionProperties) = preSolution
		HideSolutionNode = FALSE
	EndGlobalSection
	GlobalSection(ExtensibilityGlobals) = postSolution
		SolutionGuid = {3F66FA06-0137-4201-9409-7A2A656C1487}
	EndGlobalSection
EndGlobal
